
Microsoft Visual Studio Solution File, Format Version 12.00
# Visual Studio Version 17
VisualStudioVersion = 17.13.35818.85 d17.13
MinimumVisualStudioVersion = 10.0.40219.1
Project("{FAE04EC0-301F-11D3-BF4B-00C04F79EFBC}") = "backend", "backend.csproj", "{C3A2EF27-F2E2-46CE-981A-1FB123526320}"
EndProject
Global
	GlobalSection(SolutionConfigurationPlatforms) = preSolution
		Debug|Any CPU = Debug|Any CPU
		Release|Any CPU = Release|Any CPU
	EndGlobalSection
	GlobalSection(ProjectConfigurationPlatforms) = postSolution
		{C3A2EF27-F2E2-46CE-981A-1FB123526320}.Debug|Any CPU.ActiveCfg = Debug|Any CPU
		{C3A2EF27-F2E2-46CE-981A-1FB123526320}.Debug|Any CPU.Build.0 = Debug|Any CPU
		{C3A2EF27-F2E2-46CE-981A-1FB123526320}.Release|Any CPU.ActiveCfg = Release|Any CPU
		{C3A2EF27-F2E2-46CE-981A-1FB123526320}.Release|Any CPU.Build.0 = Release|Any CPU
	EndGlobalSection
	GlobalSection(SolutionProperties) = preSolution
		HideSolutionNode = FALSE
	EndGlobalSection
	GlobalSection(ExtensibilityGlobals) = postSolution
		SolutionGuid = {4DC7CF93-4D9B-43D3-BDA0-A8A71446CC91}
	EndGlobalSection
EndGlobal
